
Microsoft Visual Studio Solution File, Format Version 12.00
# Visual Studio 15
VisualStudioVersion = 15.0.28307.271
MinimumVisualStudioVersion = 10.0.40219.1
Project("{D954291E-2A0B-460D-934E-DC6B0785DB48}") = "CommandBarStyleRepro.Shared", "CommandBarStyleRepro\CommandBarStyleRepro.Shared\CommandBarStyleRepro.Shared.shproj", "{6279C845-92F8-4333-AB99-3D213163593C}"
EndProject
Project("{FAE04EC0-301F-11D3-BF4B-00C04F79EFBC}") = "CommandBarStyleRepro.Droid", "CommandBarStyleRepro\CommandBarStyleRepro.Droid\CommandBarStyleRepro.Droid.csproj", "{E0908159-98E2-443A-852B-64DED7E41719}"
EndProject
Project("{FAE04EC0-301F-11D3-BF4B-00C04F79EFBC}") = "CommandBarStyleRepro.iOS", "CommandBarStyleRepro\CommandBarStyleRepro.iOS\CommandBarStyleRepro.iOS.csproj", "{652E5F51-90F6-4A74-8992-683AD99668A9}"
EndProject
Project("{FAE04EC0-301F-11D3-BF4B-00C04F79EFBC}") = "CommandBarStyleRepro.UWP", "CommandBarStyleRepro\CommandBarStyleRepro.UWP\CommandBarStyleRepro.UWP.csproj", "{75413400-0D0E-4ECC-8055-B901A88F682D}"
EndProject
Project("{FAE04EC0-301F-11D3-BF4B-00C04F79EFBC}") = "CommandBarStyleRepro.Wasm", "CommandBarStyleRepro\CommandBarStyleRepro.Wasm\CommandBarStyleRepro.Wasm.csproj", "{F3819D3B-ECD3-409B-ADC7-95D87CC5ED38}"
EndProject
Global
	GlobalSection(SharedMSBuildProjectFiles) = preSolution
		CommandBarStyleRepro\CommandBarStyleRepro.Shared\CommandBarStyleRepro.Shared.projitems*{6279c845-92f8-4333-ab99-3d213163593c}*SharedItemsImports = 13
		CommandBarStyleRepro\CommandBarStyleRepro.Shared\CommandBarStyleRepro.Shared.projitems*{75413400-0d0e-4ecc-8055-b901a88f682d}*SharedItemsImports = 4
	EndGlobalSection
	GlobalSection(SolutionConfigurationPlatforms) = preSolution
		Ad-Hoc|Any CPU = Ad-Hoc|Any CPU
		Ad-Hoc|ARM = Ad-Hoc|ARM
		Ad-Hoc|iPhone = Ad-Hoc|iPhone
		Ad-Hoc|iPhoneSimulator = Ad-Hoc|iPhoneSimulator
		Ad-Hoc|x64 = Ad-Hoc|x64
		Ad-Hoc|x86 = Ad-Hoc|x86
		AppStore|Any CPU = AppStore|Any CPU
		AppStore|ARM = AppStore|ARM
		AppStore|iPhone = AppStore|iPhone
		AppStore|iPhoneSimulator = AppStore|iPhoneSimulator
		AppStore|x64 = AppStore|x64
		AppStore|x86 = AppStore|x86
		Debug|Any CPU = Debug|Any CPU
		Debug|ARM = Debug|ARM
		Debug|iPhone = Debug|iPhone
		Debug|iPhoneSimulator = Debug|iPhoneSimulator
		Debug|x64 = Debug|x64
		Debug|x86 = Debug|x86
		Release|Any CPU = Release|Any CPU
		Release|ARM = Release|ARM
		Release|iPhone = Release|iPhone
		Release|iPhoneSimulator = Release|iPhoneSimulator
		Release|x64 = Release|x64
		Release|x86 = Release|x86
	EndGlobalSection
	GlobalSection(ProjectConfigurationPlatforms) = postSolution
		{E0908159-98E2-443A-852B-64DED7E41719}.Ad-Hoc|Any CPU.ActiveCfg = Release|Any CPU
		{E0908159-98E2-443A-852B-64DED7E41719}.Ad-Hoc|Any CPU.Build.0 = Release|Any CPU
		{E0908159-98E2-443A-852B-64DED7E41719}.Ad-Hoc|Any CPU.Deploy.0 = Release|Any CPU
		{E0908159-98E2-443A-852B-64DED7E41719}.Ad-Hoc|ARM.ActiveCfg = Release|Any CPU
		{E0908159-98E2-443A-852B-64DED7E41719}.Ad-Hoc|ARM.Build.0 = Release|Any CPU
		{E0908159-98E2-443A-852B-64DED7E41719}.Ad-Hoc|ARM.Deploy.0 = Release|Any CPU
		{E0908159-98E2-443A-852B-64DED7E41719}.Ad-Hoc|iPhone.ActiveCfg = Release|Any CPU
		{E0908159-98E2-443A-852B-64DED7E41719}.Ad-Hoc|iPhone.Build.0 = Release|Any CPU
		{E0908159-98E2-443A-852B-64DED7E41719}.Ad-Hoc|iPhone.Deploy.0 = Release|Any CPU
		{E0908159-98E2-443A-852B-64DED7E41719}.Ad-Hoc|iPhoneSimulator.ActiveCfg = Release|Any CPU
		{E0908159-98E2-443A-852B-64DED7E41719}.Ad-Hoc|iPhoneSimulator.Build.0 = Release|Any CPU
		{E0908159-98E2-443A-852B-64DED7E41719}.Ad-Hoc|iPhoneSimulator.Deploy.0 = Release|Any CPU
		{E0908159-98E2-443A-852B-64DED7E41719}.Ad-Hoc|x64.ActiveCfg = Release|Any CPU
		{E0908159-98E2-443A-852B-64DED7E41719}.Ad-Hoc|x64.Build.0 = Release|Any CPU
		{E0908159-98E2-443A-852B-64DED7E41719}.Ad-Hoc|x64.Deploy.0 = Release|Any CPU
		{E0908159-98E2-443A-852B-64DED7E41719}.Ad-Hoc|x86.ActiveCfg = Release|Any CPU
		{E0908159-98E2-443A-852B-64DED7E41719}.Ad-Hoc|x86.Build.0 = Release|Any CPU
		{E0908159-98E2-443A-852B-64DED7E41719}.Ad-Hoc|x86.Deploy.0 = Release|Any CPU
		{E0908159-98E2-443A-852B-64DED7E41719}.AppStore|Any CPU.ActiveCfg = Release|Any CPU
		{E0908159-98E2-443A-852B-64DED7E41719}.AppStore|Any CPU.Build.0 = Release|Any CPU
		{E0908159-98E2-443A-852B-64DED7E41719}.AppStore|Any CPU.Deploy.0 = Release|Any CPU
		{E0908159-98E2-443A-852B-64DED7E41719}.AppStore|ARM.ActiveCfg = Release|Any CPU
		{E0908159-98E2-443A-852B-64DED7E41719}.AppStore|ARM.Build.0 = Release|Any CPU
		{E0908159-98E2-443A-852B-64DED7E41719}.AppStore|ARM.Deploy.0 = Release|Any CPU
		{E0908159-98E2-443A-852B-64DED7E41719}.AppStore|iPhone.ActiveCfg = Release|Any CPU
		{E0908159-98E2-443A-852B-64DED7E41719}.AppStore|iPhone.Build.0 = Release|Any CPU
		{E0908159-98E2-443A-852B-64DED7E41719}.AppStore|iPhone.Deploy.0 = Release|Any CPU
		{E0908159-98E2-443A-852B-64DED7E41719}.AppStore|iPhoneSimulator.ActiveCfg = Release|Any CPU
		{E0908159-98E2-443A-852B-64DED7E41719}.AppStore|iPhoneSimulator.Build.0 = Release|Any CPU
		{E0908159-98E2-443A-852B-64DED7E41719}.AppStore|iPhoneSimulator.Deploy.0 = Release|Any CPU
		{E0908159-98E2-443A-852B-64DED7E41719}.AppStore|x64.ActiveCfg = Release|Any CPU
		{E0908159-98E2-443A-852B-64DED7E41719}.AppStore|x64.Build.0 = Release|Any CPU
		{E0908159-98E2-443A-852B-64DED7E41719}.AppStore|x64.Deploy.0 = Release|Any CPU
		{E0908159-98E2-443A-852B-64DED7E41719}.AppStore|x86.ActiveCfg = Release|Any CPU
		{E0908159-98E2-443A-852B-64DED7E41719}.AppStore|x86.Build.0 = Release|Any CPU
		{E0908159-98E2-443A-852B-64DED7E41719}.AppStore|x86.Deploy.0 = Release|Any CPU
		{E0908159-98E2-443A-852B-64DED7E41719}.Debug|Any CPU.ActiveCfg = Debug|Any CPU
		{E0908159-98E2-443A-852B-64DED7E41719}.Debug|Any CPU.Build.0 = Debug|Any CPU
		{E0908159-98E2-443A-852B-64DED7E41719}.Debug|Any CPU.Deploy.0 = Debug|Any CPU
		{E0908159-98E2-443A-852B-64DED7E41719}.Debug|ARM.ActiveCfg = Debug|Any CPU
		{E0908159-98E2-443A-852B-64DED7E41719}.Debug|ARM.Build.0 = Debug|Any CPU
		{E0908159-98E2-443A-852B-64DED7E41719}.Debug|ARM.Deploy.0 = Debug|Any CPU
		{E0908159-98E2-443A-852B-64DED7E41719}.Debug|iPhone.ActiveCfg = Debug|Any CPU
		{E0908159-98E2-443A-852B-64DED7E41719}.Debug|iPhone.Build.0 = Debug|Any CPU
		{E0908159-98E2-443A-852B-64DED7E41719}.Debug|iPhone.Deploy.0 = Debug|Any CPU
		{E0908159-98E2-443A-852B-64DED7E41719}.Debug|iPhoneSimulator.ActiveCfg = Debug|Any CPU
		{E0908159-98E2-443A-852B-64DED7E41719}.Debug|iPhoneSimulator.Build.0 = Debug|Any CPU
		{E0908159-98E2-443A-852B-64DED7E41719}.Debug|iPhoneSimulator.Deploy.0 = Debug|Any CPU
		{E0908159-98E2-443A-852B-64DED7E41719}.Debug|x64.ActiveCfg = Debug|Any CPU
		{E0908159-98E2-443A-852B-64DED7E41719}.Debug|x64.Build.0 = Debug|Any CPU
		{E0908159-98E2-443A-852B-64DED7E41719}.Debug|x64.Deploy.0 = Debug|Any CPU
		{E0908159-98E2-443A-852B-64DED7E41719}.Debug|x86.ActiveCfg = Debug|Any CPU
		{E0908159-98E2-443A-852B-64DED7E41719}.Debug|x86.Build.0 = Debug|Any CPU
		{E0908159-98E2-443A-852B-64DED7E41719}.Debug|x86.Deploy.0 = Debug|Any CPU
		{E0908159-98E2-443A-852B-64DED7E41719}.Release|Any CPU.ActiveCfg = Release|Any CPU
		{E0908159-98E2-443A-852B-64DED7E41719}.Release|Any CPU.Build.0 = Release|Any CPU
		{E0908159-98E2-443A-852B-64DED7E41719}.Release|Any CPU.Deploy.0 = Release|Any CPU
		{E0908159-98E2-443A-852B-64DED7E41719}.Release|ARM.ActiveCfg = Release|Any CPU
		{E0908159-98E2-443A-852B-64DED7E41719}.Release|ARM.Build.0 = Release|Any CPU
		{E0908159-98E2-443A-852B-64DED7E41719}.Release|ARM.Deploy.0 = Release|Any CPU
		{E0908159-98E2-443A-852B-64DED7E41719}.Release|iPhone.ActiveCfg = Release|Any CPU
		{E0908159-98E2-443A-852B-64DED7E41719}.Release|iPhone.Build.0 = Release|Any CPU
		{E0908159-98E2-443A-852B-64DED7E41719}.Release|iPhone.Deploy.0 = Release|Any CPU
		{E0908159-98E2-443A-852B-64DED7E41719}.Release|iPhoneSimulator.ActiveCfg = Release|Any CPU
		{E0908159-98E2-443A-852B-64DED7E41719}.Release|iPhoneSimulator.Build.0 = Release|Any CPU
		{E0908159-98E2-443A-852B-64DED7E41719}.Release|iPhoneSimulator.Deploy.0 = Release|Any CPU
		{E0908159-98E2-443A-852B-64DED7E41719}.Release|x64.ActiveCfg = Release|Any CPU
		{E0908159-98E2-443A-852B-64DED7E41719}.Release|x64.Build.0 = Release|Any CPU
		{E0908159-98E2-443A-852B-64DED7E41719}.Release|x64.Deploy.0 = Release|Any CPU
		{E0908159-98E2-443A-852B-64DED7E41719}.Release|x86.ActiveCfg = Release|Any CPU
		{E0908159-98E2-443A-852B-64DED7E41719}.Release|x86.Build.0 = Release|Any CPU
		{E0908159-98E2-443A-852B-64DED7E41719}.Release|x86.Deploy.0 = Release|Any CPU
		{652E5F51-90F6-4A74-8992-683AD99668A9}.Ad-Hoc|Any CPU.ActiveCfg = Ad-Hoc|iPhone
		{652E5F51-90F6-4A74-8992-683AD99668A9}.Ad-Hoc|ARM.ActiveCfg = Ad-Hoc|iPhone
		{652E5F51-90F6-4A74-8992-683AD99668A9}.Ad-Hoc|iPhone.ActiveCfg = Ad-Hoc|iPhone
		{652E5F51-90F6-4A74-8992-683AD99668A9}.Ad-Hoc|iPhone.Build.0 = Ad-Hoc|iPhone
		{652E5F51-90F6-4A74-8992-683AD99668A9}.Ad-Hoc|iPhoneSimulator.ActiveCfg = Ad-Hoc|iPhoneSimulator
		{652E5F51-90F6-4A74-8992-683AD99668A9}.Ad-Hoc|iPhoneSimulator.Build.0 = Ad-Hoc|iPhoneSimulator
		{652E5F51-90F6-4A74-8992-683AD99668A9}.Ad-Hoc|x64.ActiveCfg = Ad-Hoc|iPhone
		{652E5F51-90F6-4A74-8992-683AD99668A9}.Ad-Hoc|x86.ActiveCfg = Ad-Hoc|iPhone
		{652E5F51-90F6-4A74-8992-683AD99668A9}.AppStore|Any CPU.ActiveCfg = AppStore|iPhone
		{652E5F51-90F6-4A74-8992-683AD99668A9}.AppStore|ARM.ActiveCfg = AppStore|iPhone
		{652E5F51-90F6-4A74-8992-683AD99668A9}.AppStore|iPhone.ActiveCfg = AppStore|iPhone
		{652E5F51-90F6-4A74-8992-683AD99668A9}.AppStore|iPhone.Build.0 = AppStore|iPhone
		{652E5F51-90F6-4A74-8992-683AD99668A9}.AppStore|iPhoneSimulator.ActiveCfg = AppStore|iPhoneSimulator
		{652E5F51-90F6-4A74-8992-683AD99668A9}.AppStore|iPhoneSimulator.Build.0 = AppStore|iPhoneSimulator
		{652E5F51-90F6-4A74-8992-683AD99668A9}.AppStore|x64.ActiveCfg = AppStore|iPhone
		{652E5F51-90F6-4A74-8992-683AD99668A9}.AppStore|x86.ActiveCfg = AppStore|iPhone
		{652E5F51-90F6-4A74-8992-683AD99668A9}.Debug|Any CPU.ActiveCfg = Debug|iPhone
		{652E5F51-90F6-4A74-8992-683AD99668A9}.Debug|ARM.ActiveCfg = Debug|iPhone
		{652E5F51-90F6-4A74-8992-683AD99668A9}.Debug|iPhone.ActiveCfg = Debug|iPhone
		{652E5F51-90F6-4A74-8992-683AD99668A9}.Debug|iPhone.Build.0 = Debug|iPhone
		{652E5F51-90F6-4A74-8992-683AD99668A9}.Debug|iPhoneSimulator.ActiveCfg = Debug|iPhoneSimulator
		{652E5F51-90F6-4A74-8992-683AD99668A9}.Debug|iPhoneSimulator.Build.0 = Debug|iPhoneSimulator
		{652E5F51-90F6-4A74-8992-683AD99668A9}.Debug|x64.ActiveCfg = Debug|iPhone
		{652E5F51-90F6-4A74-8992-683AD99668A9}.Debug|x86.ActiveCfg = Debug|iPhone
		{652E5F51-90F6-4A74-8992-683AD99668A9}.Release|Any CPU.ActiveCfg = Release|iPhone
		{652E5F51-90F6-4A74-8992-683AD99668A9}.Release|ARM.ActiveCfg = Release|iPhone
		{652E5F51-90F6-4A74-8992-683AD99668A9}.Release|iPhone.ActiveCfg = Release|iPhone
		{652E5F51-90F6-4A74-8992-683AD99668A9}.Release|iPhone.Build.0 = Release|iPhone
		{652E5F51-90F6-4A74-8992-683AD99668A9}.Release|iPhoneSimulator.ActiveCfg = Release|iPhoneSimulator
		{652E5F51-90F6-4A74-8992-683AD99668A9}.Release|iPhoneSimulator.Build.0 = Release|iPhoneSimulator
		{652E5F51-90F6-4A74-8992-683AD99668A9}.Release|x64.ActiveCfg = Release|iPhone
		{652E5F51-90F6-4A74-8992-683AD99668A9}.Release|x86.ActiveCfg = Release|iPhone
		{75413400-0D0E-4ECC-8055-B901A88F682D}.Ad-Hoc|Any CPU.ActiveCfg = Release|x64
		{75413400-0D0E-4ECC-8055-B901A88F682D}.Ad-Hoc|Any CPU.Build.0 = Release|x64
		{75413400-0D0E-4ECC-8055-B901A88F682D}.Ad-Hoc|Any CPU.Deploy.0 = Release|x64
		{75413400-0D0E-4ECC-8055-B901A88F682D}.Ad-Hoc|ARM.ActiveCfg = Release|ARM
		{75413400-0D0E-4ECC-8055-B901A88F682D}.Ad-Hoc|ARM.Build.0 = Release|ARM
		{75413400-0D0E-4ECC-8055-B901A88F682D}.Ad-Hoc|ARM.Deploy.0 = Release|ARM
		{75413400-0D0E-4ECC-8055-B901A88F682D}.Ad-Hoc|iPhone.ActiveCfg = Release|x64
		{75413400-0D0E-4ECC-8055-B901A88F682D}.Ad-Hoc|iPhone.Build.0 = Release|x64
		{75413400-0D0E-4ECC-8055-B901A88F682D}.Ad-Hoc|iPhone.Deploy.0 = Release|x64
		{75413400-0D0E-4ECC-8055-B901A88F682D}.Ad-Hoc|iPhoneSimulator.ActiveCfg = Release|x64
		{75413400-0D0E-4ECC-8055-B901A88F682D}.Ad-Hoc|iPhoneSimulator.Build.0 = Release|x64
		{75413400-0D0E-4ECC-8055-B901A88F682D}.Ad-Hoc|iPhoneSimulator.Deploy.0 = Release|x64
		{75413400-0D0E-4ECC-8055-B901A88F682D}.Ad-Hoc|x64.ActiveCfg = Release|x64
		{75413400-0D0E-4ECC-8055-B901A88F682D}.Ad-Hoc|x64.Build.0 = Release|x64
		{75413400-0D0E-4ECC-8055-B901A88F682D}.Ad-Hoc|x64.Deploy.0 = Release|x64
		{75413400-0D0E-4ECC-8055-B901A88F682D}.Ad-Hoc|x86.ActiveCfg = Release|x86
		{75413400-0D0E-4ECC-8055-B901A88F682D}.Ad-Hoc|x86.Build.0 = Release|x86
		{75413400-0D0E-4ECC-8055-B901A88F682D}.Ad-Hoc|x86.Deploy.0 = Release|x86
		{75413400-0D0E-4ECC-8055-B901A88F682D}.AppStore|Any CPU.ActiveCfg = Release|x64
		{75413400-0D0E-4ECC-8055-B901A88F682D}.AppStore|Any CPU.Build.0 = Release|x64
		{75413400-0D0E-4ECC-8055-B901A88F682D}.AppStore|Any CPU.Deploy.0 = Release|x64
		{75413400-0D0E-4ECC-8055-B901A88F682D}.AppStore|ARM.ActiveCfg = Release|ARM
		{75413400-0D0E-4ECC-8055-B901A88F682D}.AppStore|ARM.Build.0 = Release|ARM
		{75413400-0D0E-4ECC-8055-B901A88F682D}.AppStore|ARM.Deploy.0 = Release|ARM
		{75413400-0D0E-4ECC-8055-B901A88F682D}.AppStore|iPhone.ActiveCfg = Release|x64
		{75413400-0D0E-4ECC-8055-B901A88F682D}.AppStore|iPhone.Build.0 = Release|x64
		{75413400-0D0E-4ECC-8055-B901A88F682D}.AppStore|iPhone.Deploy.0 = Release|x64
		{75413400-0D0E-4ECC-8055-B901A88F682D}.AppStore|iPhoneSimulator.ActiveCfg = Release|x64
		{75413400-0D0E-4ECC-8055-B901A88F682D}.AppStore|iPhoneSimulator.Build.0 = Release|x64
		{75413400-0D0E-4ECC-8055-B901A88F682D}.AppStore|iPhoneSimulator.Deploy.0 = Release|x64
		{75413400-0D0E-4ECC-8055-B901A88F682D}.AppStore|x64.ActiveCfg = Release|x64
		{75413400-0D0E-4ECC-8055-B901A88F682D}.AppStore|x64.Build.0 = Release|x64
		{75413400-0D0E-4ECC-8055-B901A88F682D}.AppStore|x64.Deploy.0 = Release|x64
		{75413400-0D0E-4ECC-8055-B901A88F682D}.AppStore|x86.ActiveCfg = Release|x86
		{75413400-0D0E-4ECC-8055-B901A88F682D}.AppStore|x86.Build.0 = Release|x86
		{75413400-0D0E-4ECC-8055-B901A88F682D}.AppStore|x86.Deploy.0 = Release|x86
		{75413400-0D0E-4ECC-8055-B901A88F682D}.Debug|Any CPU.ActiveCfg = Debug|x86
		{75413400-0D0E-4ECC-8055-B901A88F682D}.Debug|ARM.ActiveCfg = Debug|ARM
		{75413400-0D0E-4ECC-8055-B901A88F682D}.Debug|ARM.Build.0 = Debug|ARM
		{75413400-0D0E-4ECC-8055-B901A88F682D}.Debug|ARM.Deploy.0 = Debug|ARM
		{75413400-0D0E-4ECC-8055-B901A88F682D}.Debug|iPhone.ActiveCfg = Debug|x86
		{75413400-0D0E-4ECC-8055-B901A88F682D}.Debug|iPhoneSimulator.ActiveCfg = Debug|x86
		{75413400-0D0E-4ECC-8055-B901A88F682D}.Debug|x64.ActiveCfg = Debug|x64
		{75413400-0D0E-4ECC-8055-B901A88F682D}.Debug|x64.Build.0 = Debug|x64
		{75413400-0D0E-4ECC-8055-B901A88F682D}.Debug|x64.Deploy.0 = Debug|x64
		{75413400-0D0E-4ECC-8055-B901A88F682D}.Debug|x86.ActiveCfg = Debug|x86
		{75413400-0D0E-4ECC-8055-B901A88F682D}.Debug|x86.Build.0 = Debug|x86
		{75413400-0D0E-4ECC-8055-B901A88F682D}.Debug|x86.Deploy.0 = Debug|x86
		{75413400-0D0E-4ECC-8055-B901A88F682D}.Release|Any CPU.ActiveCfg = Release|x86
		{75413400-0D0E-4ECC-8055-B901A88F682D}.Release|ARM.ActiveCfg = Release|ARM
		{75413400-0D0E-4ECC-8055-B901A88F682D}.Release|ARM.Build.0 = Release|ARM
		{75413400-0D0E-4ECC-8055-B901A88F682D}.Release|ARM.Deploy.0 = Release|ARM
		{75413400-0D0E-4ECC-8055-B901A88F682D}.Release|iPhone.ActiveCfg = Release|x86
		{75413400-0D0E-4ECC-8055-B901A88F682D}.Release|iPhoneSimulator.ActiveCfg = Release|x86
		{75413400-0D0E-4ECC-8055-B901A88F682D}.Release|x64.ActiveCfg = Release|x64
		{75413400-0D0E-4ECC-8055-B901A88F682D}.Release|x64.Build.0 = Release|x64
		{75413400-0D0E-4ECC-8055-B901A88F682D}.Release|x64.Deploy.0 = Release|x64
		{75413400-0D0E-4ECC-8055-B901A88F682D}.Release|x86.ActiveCfg = Release|x86
		{75413400-0D0E-4ECC-8055-B901A88F682D}.Release|x86.Build.0 = Release|x86
		{75413400-0D0E-4ECC-8055-B901A88F682D}.Release|x86.Deploy.0 = Release|x86
		{F3819D3B-ECD3-409B-ADC7-95D87CC5ED38}.Ad-Hoc|Any CPU.ActiveCfg = Debug|Any CPU
		{F3819D3B-ECD3-409B-ADC7-95D87CC5ED38}.Ad-Hoc|Any CPU.Build.0 = Debug|Any CPU
		{F3819D3B-ECD3-409B-ADC7-95D87CC5ED38}.Ad-Hoc|ARM.ActiveCfg = Debug|Any CPU
		{F3819D3B-ECD3-409B-ADC7-95D87CC5ED38}.Ad-Hoc|ARM.Build.0 = Debug|Any CPU
		{F3819D3B-ECD3-409B-ADC7-95D87CC5ED38}.Ad-Hoc|iPhone.ActiveCfg = Debug|Any CPU
		{F3819D3B-ECD3-409B-ADC7-95D87CC5ED38}.Ad-Hoc|iPhone.Build.0 = Debug|Any CPU
		{F3819D3B-ECD3-409B-ADC7-95D87CC5ED38}.Ad-Hoc|iPhoneSimulator.ActiveCfg = Debug|Any CPU
		{F3819D3B-ECD3-409B-ADC7-95D87CC5ED38}.Ad-Hoc|iPhoneSimulator.Build.0 = Debug|Any CPU
		{F3819D3B-ECD3-409B-ADC7-95D87CC5ED38}.Ad-Hoc|x64.ActiveCfg = Debug|Any CPU
		{F3819D3B-ECD3-409B-ADC7-95D87CC5ED38}.Ad-Hoc|x64.Build.0 = Debug|Any CPU
		{F3819D3B-ECD3-409B-ADC7-95D87CC5ED38}.Ad-Hoc|x86.ActiveCfg = Debug|Any CPU
		{F3819D3B-ECD3-409B-ADC7-95D87CC5ED38}.Ad-Hoc|x86.Build.0 = Debug|Any CPU
		{F3819D3B-ECD3-409B-ADC7-95D87CC5ED38}.AppStore|Any CPU.ActiveCfg = Debug|Any CPU
		{F3819D3B-ECD3-409B-ADC7-95D87CC5ED38}.AppStore|Any CPU.Build.0 = Debug|Any CPU
		{F3819D3B-ECD3-409B-ADC7-95D87CC5ED38}.AppStore|ARM.ActiveCfg = Debug|Any CPU
		{F3819D3B-ECD3-409B-ADC7-95D87CC5ED38}.AppStore|ARM.Build.0 = Debug|Any CPU
		{F3819D3B-ECD3-409B-ADC7-95D87CC5ED38}.AppStore|iPhone.ActiveCfg = Debug|Any CPU
		{F3819D3B-ECD3-409B-ADC7-95D87CC5ED38}.AppStore|iPhone.Build.0 = Debug|Any CPU
		{F3819D3B-ECD3-409B-ADC7-95D87CC5ED38}.AppStore|iPhoneSimulator.ActiveCfg = Debug|Any CPU
		{F3819D3B-ECD3-409B-ADC7-95D87CC5ED38}.AppStore|iPhoneSimulator.Build.0 = Debug|Any CPU
		{F3819D3B-ECD3-409B-ADC7-95D87CC5ED38}.AppStore|x64.ActiveCfg = Debug|Any CPU
		{F3819D3B-ECD3-409B-ADC7-95D87CC5ED38}.AppStore|x64.Build.0 = Debug|Any CPU
		{F3819D3B-ECD3-409B-ADC7-95D87CC5ED38}.AppStore|x86.ActiveCfg = Debug|Any CPU
		{F3819D3B-ECD3-409B-ADC7-95D87CC5ED38}.AppStore|x86.Build.0 = Debug|Any CPU
		{F3819D3B-ECD3-409B-ADC7-95D87CC5ED38}.Debug|Any CPU.ActiveCfg = Debug|Any CPU
		{F3819D3B-ECD3-409B-ADC7-95D87CC5ED38}.Debug|Any CPU.Build.0 = Debug|Any CPU
		{F3819D3B-ECD3-409B-ADC7-95D87CC5ED38}.Debug|ARM.ActiveCfg = Debug|Any CPU
		{F3819D3B-ECD3-409B-ADC7-95D87CC5ED38}.Debug|ARM.Build.0 = Debug|Any CPU
		{F3819D3B-ECD3-409B-ADC7-95D87CC5ED38}.Debug|iPhone.ActiveCfg = Debug|Any CPU
		{F3819D3B-ECD3-409B-ADC7-95D87CC5ED38}.Debug|iPhone.Build.0 = Debug|Any CPU
		{F3819D3B-ECD3-409B-ADC7-95D87CC5ED38}.Debug|iPhoneSimulator.ActiveCfg = Debug|Any CPU
		{F3819D3B-ECD3-409B-ADC7-95D87CC5ED38}.Debug|iPhoneSimulator.Build.0 = Debug|Any CPU
		{F3819D3B-ECD3-409B-ADC7-95D87CC5ED38}.Debug|x64.ActiveCfg = Debug|Any CPU
		{F3819D3B-ECD3-409B-ADC7-95D87CC5ED38}.Debug|x64.Build.0 = Debug|Any CPU
		{F3819D3B-ECD3-409B-ADC7-95D87CC5ED38}.Debug|x86.ActiveCfg = Debug|Any CPU
		{F3819D3B-ECD3-409B-ADC7-95D87CC5ED38}.Debug|x86.Build.0 = Debug|Any CPU
		{F3819D3B-ECD3-409B-ADC7-95D87CC5ED38}.Release|Any CPU.ActiveCfg = Release|Any CPU
		{F3819D3B-ECD3-409B-ADC7-95D87CC5ED38}.Release|Any CPU.Build.0 = Release|Any CPU
		{F3819D3B-ECD3-409B-ADC7-95D87CC5ED38}.Release|ARM.ActiveCfg = Release|Any CPU
		{F3819D3B-ECD3-409B-ADC7-95D87CC5ED38}.Release|ARM.Build.0 = Release|Any CPU
		{F3819D3B-ECD3-409B-ADC7-95D87CC5ED38}.Release|iPhone.ActiveCfg = Release|Any CPU
		{F3819D3B-ECD3-409B-ADC7-95D87CC5ED38}.Release|iPhone.Build.0 = Release|Any CPU
		{F3819D3B-ECD3-409B-ADC7-95D87CC5ED38}.Release|iPhoneSimulator.ActiveCfg = Release|Any CPU
		{F3819D3B-ECD3-409B-ADC7-95D87CC5ED38}.Release|iPhoneSimulator.Build.0 = Release|Any CPU
		{F3819D3B-ECD3-409B-ADC7-95D87CC5ED38}.Release|x64.ActiveCfg = Release|Any CPU
		{F3819D3B-ECD3-409B-ADC7-95D87CC5ED38}.Release|x64.Build.0 = Release|Any CPU
		{F3819D3B-ECD3-409B-ADC7-95D87CC5ED38}.Release|x86.ActiveCfg = Release|Any CPU
		{F3819D3B-ECD3-409B-ADC7-95D87CC5ED38}.Release|x86.Build.0 = Release|Any CPU
	EndGlobalSection
	GlobalSection(SolutionProperties) = preSolution
		HideSolutionNode = FALSE
	EndGlobalSection
	GlobalSection(ExtensibilityGlobals) = postSolution
		SolutionGuid = {A4D586AF-342F-47A2-B04F-8FBFAAAA7345}
	EndGlobalSection
EndGlobal
